
Microsoft Visual Studio Solution File, Format Version 12.00
# Visual Studio Version 17
VisualStudioVersion = 17.3.32825.248
MinimumVisualStudioVersion = 10.0.40219.1
Project("{9A19103F-16F7-4668-BE54-9A1E7A4F7556}") = "FileServer.API", "FileServer.API.csproj", "{4146E937-F8B1-4992-BCFA-822DD8B2D7B3}"
EndProject
Global
	GlobalSection(SolutionConfigurationPlatforms) = preSolution
		Debug|Any CPU = Debug|Any CPU
		Release|Any CPU = Release|Any CPU
	EndGlobalSection
	GlobalSection(ProjectConfigurationPlatforms) = postSolution
		{4146E937-F8B1-4992-BCFA-822DD8B2D7B3}.Debug|Any CPU.ActiveCfg = Debug|Any CPU
		{4146E937-F8B1-4992-BCFA-822DD8B2D7B3}.Debug|Any CPU.Build.0 = Debug|Any CPU
		{4146E937-F8B1-4992-BCFA-822DD8B2D7B3}.Release|Any CPU.ActiveCfg = Release|Any CPU
		{4146E937-F8B1-4992-BCFA-822DD8B2D7B3}.Release|Any CPU.Build.0 = Release|Any CPU
	EndGlobalSection
	GlobalSection(SolutionProperties) = preSolution
		HideSolutionNode = FALSE
	EndGlobalSection
	GlobalSection(ExtensibilityGlobals) = postSolution
		SolutionGuid = {E1AE5597-DA8E-463E-ADB9-DC146189D937}
	EndGlobalSection
EndGlobal
