
Microsoft Visual Studio Solution File, Format Version 12.00
# Visual Studio Version 16
VisualStudioVersion = 16.0.31410.357
MinimumVisualStudioVersion = 10.0.40219.1
Project("{FAE04EC0-301F-11D3-BF4B-00C04F79EFBC}") = "File-Storage-System", "File-Storage-System\File-Storage-System.csproj", "{82C0EDBF-A7B4-4263-A270-6591F79028D2}"
EndProject
Global
	GlobalSection(SolutionConfigurationPlatforms) = preSolution
		Debug|Any CPU = Debug|Any CPU
		Release|Any CPU = Release|Any CPU
	EndGlobalSection
	GlobalSection(ProjectConfigurationPlatforms) = postSolution
		{82C0EDBF-A7B4-4263-A270-6591F79028D2}.Debug|Any CPU.ActiveCfg = Debug|Any CPU
		{82C0EDBF-A7B4-4263-A270-6591F79028D2}.Debug|Any CPU.Build.0 = Debug|Any CPU
		{82C0EDBF-A7B4-4263-A270-6591F79028D2}.Release|Any CPU.ActiveCfg = Release|Any CPU
		{82C0EDBF-A7B4-4263-A270-6591F79028D2}.Release|Any CPU.Build.0 = Release|Any CPU
	EndGlobalSection
	GlobalSection(SolutionProperties) = preSolution
		HideSolutionNode = FALSE
	EndGlobalSection
	GlobalSection(ExtensibilityGlobals) = postSolution
		SolutionGuid = {CCF383C8-AB1D-4A3B-88E5-0AB0E1E26379}
	EndGlobalSection
EndGlobal
